// !$*UTF8*$!
{
	archiveVersion = 1;
	classes = {
	};
	objectVersion = 51;
	objects = {

/* Begin PBXBuildFile section */
		61339533257126E700D2FAF2 /* AppDelegate.swift in Sources */ = {isa = PBXBuildFile; fileRef = 61339532257126E700D2FAF2 /* AppDelegate.swift */; };
		61339535257126E700D2FAF2 /* SceneDelegate.swift in Sources */ = {isa = PBXBuildFile; fileRef = 61339534257126E700D2FAF2 /* SceneDelegate.swift */; };
		61339537257126E700D2FAF2 /* ViewController.swift in Sources */ = {isa = PBXBuildFile; fileRef = 61339536257126E700D2FAF2 /* ViewController.swift */; };
		6133953A257126E700D2FAF2 /* Main.storyboard in Resources */ = {isa = PBXBuildFile; fileRef = 61339538257126E700D2FAF2 /* Main.storyboard */; };
		6133953C257126E800D2FAF2 /* Assets.xcassets in Resources */ = {isa = PBXBuildFile; fileRef = 6133953B257126E800D2FAF2 /* Assets.xcassets */; };
		6133953F257126E800D2FAF2 /* LaunchScreen.storyboard in Resources */ = {isa = PBXBuildFile; fileRef = 6133953D257126E800D2FAF2 /* LaunchScreen.storyboard */; };
		6133954E25712E6700D2FAF2 /* ApiResponse.swift in Sources */ = {isa = PBXBuildFile; fileRef = 6133954D25712E6700D2FAF2 /* ApiResponse.swift */; };
		6133955325712EE000D2FAF2 /* Card.swift in Sources */ = {isa = PBXBuildFile; fileRef = 6133955225712EE000D2FAF2 /* Card.swift */; };
		61FEBCE925836E860086C0E0 /* CardViewController.swift in Sources */ = {isa = PBXBuildFile; fileRef = 61FEBCE825836E860086C0E0 /* CardViewController.swift */; };
		61FEBCED258372A00086C0E0 /* UIImageViewExtensions.swift in Sources */ = {isa = PBXBuildFile; fileRef = 61FEBCEC258372A00086C0E0 /* UIImageViewExtensions.swift */; };
		80641A189A61482935ABFC7C /* Pods_HelloWorld.framework in Frameworks */ = {isa = PBXBuildFile; fileRef = B022B4232E816460C9E5D59A /* Pods_HelloWorld.framework */; };
/* End PBXBuildFile section */

/* Begin PBXFileReference section */
		6133952F257126E700D2FAF2 /* HelloWorld.app */ = {isa = PBXFileReference; explicitFileType = wrapper.application; includeInIndex = 0; path = HelloWorld.app; sourceTree = BUILT_PRODUCTS_DIR; };
		61339532257126E700D2FAF2 /* AppDelegate.swift */ = {isa = PBXFileReference; lastKnownFileType = sourcecode.swift; path = AppDelegate.swift; sourceTree = "<group>"; };
		61339534257126E700D2FAF2 /* SceneDelegate.swift */ = {isa = PBXFileReference; lastKnownFileType = sourcecode.swift; path = SceneDelegate.swift; sourceTree = "<group>"; };
		61339536257126E700D2FAF2 /* ViewController.swift */ = {isa = PBXFileReference; lastKnownFileType = sourcecode.swift; path = ViewController.swift; sourceTree = "<group>"; };
		61339539257126E700D2FAF2 /* Base */ = {isa = PBXFileReference; lastKnownFileType = file.storyboard; name = Base; path = Base.lproj/Main.storyboard; sourceTree = "<group>"; };
		6133953B257126E800D2FAF2 /* Assets.xcassets */ = {isa = PBXFileReference; lastKnownFileType = folder.assetcatalog; path = Assets.xcassets; sourceTree = "<group>"; };
		6133953E257126E800D2FAF2 /* Base */ = {isa = PBXFileReference; lastKnownFileType = file.storyboard; name = Base; path = Base.lproj/LaunchScreen.storyboard; sourceTree = "<group>"; };
		61339540257126E800D2FAF2 /* Info.plist */ = {isa = PBXFileReference; lastKnownFileType = text.plist.xml; path = Info.plist; sourceTree = "<group>"; };
		6133954D25712E6700D2FAF2 /* ApiResponse.swift */ = {isa = PBXFileReference; lastKnownFileType = sourcecode.swift; path = ApiResponse.swift; sourceTree = "<group>"; };
		6133955225712EE000D2FAF2 /* Card.swift */ = {isa = PBXFileReference; lastKnownFileType = sourcecode.swift; path = Card.swift; sourceTree = "<group>"; };
		61FEBCE825836E860086C0E0 /* CardViewController.swift */ = {isa = PBXFileReference; lastKnownFileType = sourcecode.swift; path = CardViewController.swift; sourceTree = "<group>"; };
		61FEBCEC258372A00086C0E0 /* UIImageViewExtensions.swift */ = {isa = PBXFileReference; lastKnownFileType = sourcecode.swift; path = UIImageViewExtensions.swift; sourceTree = "<group>"; };
		B022B4232E816460C9E5D59A /* Pods_HelloWorld.framework */ = {isa = PBXFileReference; explicitFileType = wrapper.framework; includeInIndex = 0; path = Pods_HelloWorld.framework; sourceTree = BUILT_PRODUCTS_DIR; };
		E9F286321B2CAE82D22083D9 /* Pods-HelloWorld.release.xcconfig */ = {isa = PBXFileReference; includeInIndex = 1; lastKnownFileType = text.xcconfig; name = "Pods-HelloWorld.release.xcconfig"; path = "Target Support Files/Pods-HelloWorld/Pods-HelloWorld.release.xcconfig"; sourceTree = "<group>"; };
		EF3B2478098C82F8EB996B15 /* Pods-HelloWorld.debug.xcconfig */ = {isa = PBXFileReference; includeInIndex = 1; lastKnownFileType = text.xcconfig; name = "Pods-HelloWorld.debug.xcconfig"; path = "Target Support Files/Pods-HelloWorld/Pods-HelloWorld.debug.xcconfig"; sourceTree = "<group>"; };
/* End PBXFileReference section */

/* Begin PBXFrameworksBuildPhase section */
		6133952C257126E700D2FAF2 /* Frameworks */ = {
			isa = PBXFrameworksBuildPhase;
			buildActionMask = 2147483647;
			files = (
				80641A189A61482935ABFC7C /* Pods_HelloWorld.framework in Frameworks */,
			);
			runOnlyForDeploymentPostprocessing = 0;
		};
/* End PBXFrameworksBuildPhase section */

/* Begin PBXGroup section */
		11952FF5A1FD2F80741E6D13 /* Pods */ = {
			isa = PBXGroup;
			children = (
				EF3B2478098C82F8EB996B15 /* Pods-HelloWorld.debug.xcconfig */,
				E9F286321B2CAE82D22083D9 /* Pods-HelloWorld.release.xcconfig */,
			);
			path = Pods;
			sourceTree = "<group>";
		};
		2B295AC9D0F6ED2197E8ED77 /* Frameworks */ = {
			isa = PBXGroup;
			children = (
				B022B4232E816460C9E5D59A /* Pods_HelloWorld.framework */,
			);
			name = Frameworks;
			sourceTree = "<group>";
		};
		61339526257126E700D2FAF2 = {
			isa = PBXGroup;
			children = (
				61339531257126E700D2FAF2 /* HelloWorld */,
				61339530257126E700D2FAF2 /* Products */,
				11952FF5A1FD2F80741E6D13 /* Pods */,
				2B295AC9D0F6ED2197E8ED77 /* Frameworks */,
			);
			sourceTree = "<group>";
		};
		61339530257126E700D2FAF2 /* Products */ = {
			isa = PBXGroup;
			children = (
				6133952F257126E700D2FAF2 /* HelloWorld.app */,
			);
			name = Products;
			sourceTree = "<group>";
		};
		61339531257126E700D2FAF2 /* HelloWorld */ = {
			isa = PBXGroup;
			children = (
				61FEBCE325836DF30086C0E0 /* Controllers */,
				61FEBCE225836DE00086C0E0 /* Storyboards */,
				6133955025712ECA00D2FAF2 /* Models */,
				61339532257126E700D2FAF2 /* AppDelegate.swift */,
				61339534257126E700D2FAF2 /* SceneDelegate.swift */,
				6133953B257126E800D2FAF2 /* Assets.xcassets */,
				61339540257126E800D2FAF2 /* Info.plist */,
				61FEBCEC258372A00086C0E0 /* UIImageViewExtensions.swift */,
			);
			path = HelloWorld;
			sourceTree = "<group>";
		};
		6133955025712ECA00D2FAF2 /* Models */ = {
			isa = PBXGroup;
			children = (
				6133955125712ED100D2FAF2 /* Responses */,
				6133955225712EE000D2FAF2 /* Card.swift */,
			);
			path = Models;
			sourceTree = "<group>";
		};
		6133955125712ED100D2FAF2 /* Responses */ = {
			isa = PBXGroup;
			children = (
				6133954D25712E6700D2FAF2 /* ApiResponse.swift */,
			);
			path = Responses;
			sourceTree = "<group>";
		};
		61FEBCE225836DE00086C0E0 /* Storyboards */ = {
			isa = PBXGroup;
			children = (
				61339538257126E700D2FAF2 /* Main.storyboard */,
				6133953D257126E800D2FAF2 /* LaunchScreen.storyboard */,
			);
			path = Storyboards;
			sourceTree = "<group>";
		};
		61FEBCE325836DF30086C0E0 /* Controllers */ = {
			isa = PBXGroup;
			children = (
				61339536257126E700D2FAF2 /* ViewController.swift */,
				61FEBCE825836E860086C0E0 /* CardViewController.swift */,
			);
			path = Controllers;
			sourceTree = "<group>";
		};
/* End PBXGroup section */

/* Begin PBXNativeTarget section */
		6133952E257126E700D2FAF2 /* HelloWorld */ = {
			isa = PBXNativeTarget;
			buildConfigurationList = 61339543257126E800D2FAF2 /* Build configuration list for PBXNativeTarget "HelloWorld" */;
			buildPhases = (
				D42B85B9DA2300BCC4BFFC5D /* [CP] Check Pods Manifest.lock */,
				6133952B257126E700D2FAF2 /* Sources */,
				6133952C257126E700D2FAF2 /* Frameworks */,
				6133952D257126E700D2FAF2 /* Resources */,
				8D04B7E88ACDF78FE3D13B67 /* [CP] Embed Pods Frameworks */,
			);
			buildRules = (
			);
			dependencies = (
			);
			name = HelloWorld;
			productName = HelloWorld;
			productReference = 6133952F257126E700D2FAF2 /* HelloWorld.app */;
			productType = "com.apple.product-type.application";
		};
/* End PBXNativeTarget section */

/* Begin PBXProject section */
		61339527257126E700D2FAF2 /* Project object */ = {
			isa = PBXProject;
			attributes = {
				LastSwiftUpdateCheck = 1220;
				LastUpgradeCheck = 1220;
				TargetAttributes = {
					6133952E257126E700D2FAF2 = {
						CreatedOnToolsVersion = 12.2;
					};
				};
			};
			buildConfigurationList = 6133952A257126E700D2FAF2 /* Build configuration list for PBXProject "HelloWorld" */;
			compatibilityVersion = "Xcode 9.3";
			developmentRegion = en;
			hasScannedForEncodings = 0;
			knownRegions = (
				en,
				Base,
			);
			mainGroup = 61339526257126E700D2FAF2;
			productRefGroup = 61339530257126E700D2FAF2 /* Products */;
			projectDirPath = "";
			projectRoot = "";
			targets = (
				6133952E257126E700D2FAF2 /* HelloWorld */,
			);
		};
/* End PBXProject section */

/* Begin PBXResourcesBuildPhase section */
		6133952D257126E700D2FAF2 /* Resources */ = {
			isa = PBXResourcesBuildPhase;
			buildActionMask = 2147483647;
			files = (
				6133953F257126E800D2FAF2 /* LaunchScreen.storyboard in Resources */,
				6133953C257126E800D2FAF2 /* Assets.xcassets in Resources */,
				6133953A257126E700D2FAF2 /* Main.storyboard in Resources */,
			);
			runOnlyForDeploymentPostprocessing = 0;
		};
/* End PBXResourcesBuildPhase section */

/* Begin PBXShellScriptBuildPhase section */
		8D04B7E88ACDF78FE3D13B67 /* [CP] Embed Pods Frameworks */ = {
			isa = PBXShellScriptBuildPhase;
			buildActionMask = 2147483647;
			files = (
			);
			inputFileListPaths = (
				"${PODS_ROOT}/Target Support Files/Pods-HelloWorld/Pods-HelloWorld-frameworks-${CONFIGURATION}-input-files.xcfilelist",
			);
			name = "[CP] Embed Pods Frameworks";
			outputFileListPaths = (
				"${PODS_ROOT}/Target Support Files/Pods-HelloWorld/Pods-HelloWorld-frameworks-${CONFIGURATION}-output-files.xcfilelist",
			);
			runOnlyForDeploymentPostprocessing = 0;
			shellPath = /bin/sh;
			shellScript = "\"${PODS_ROOT}/Target Support Files/Pods-HelloWorld/Pods-HelloWorld-frameworks.sh\"\n";
			showEnvVarsInLog = 0;
		};
		D42B85B9DA2300BCC4BFFC5D /* [CP] Check Pods Manifest.lock */ = {
			isa = PBXShellScriptBuildPhase;
			buildActionMask = 2147483647;
			files = (
			);
			inputFileListPaths = (
			);
			inputPaths = (
				"${PODS_PODFILE_DIR_PATH}/Podfile.lock",
				"${PODS_ROOT}/Manifest.lock",
			);
			name = "[CP] Check Pods Manifest.lock";
			outputFileListPaths = (
			);
			outputPaths = (
				"$(DERIVED_FILE_DIR)/Pods-HelloWorld-checkManifestLockResult.txt",
			);
			runOnlyForDeploymentPostprocessing = 0;
			shellPath = /bin/sh;
			shellScript = "diff \"${PODS_PODFILE_DIR_PATH}/Podfile.lock\" \"${PODS_ROOT}/Manifest.lock\" > /dev/null\nif [ $? != 0 ] ; then\n    # print error to STDERR\n    echo \"error: The sandbox is not in sync with the Podfile.lock. Run 'pod install' or update your CocoaPods installation.\" >&2\n    exit 1\nfi\n# This output is used by Xcode 'outputs' to avoid re-running this script phase.\necho \"SUCCESS\" > \"${SCRIPT_OUTPUT_FILE_0}\"\n";
			showEnvVarsInLog = 0;
		};
/* End PBXShellScriptBuildPhase section */

/* Begin PBXSourcesBuildPhase section */
		6133952B257126E700D2FAF2 /* Sources */ = {
			isa = PBXSourcesBuildPhase;
			buildActionMask = 2147483647;
			files = (
				61FEBCED258372A00086C0E0 /* UIImageViewExtensions.swift in Sources */,
				61339537257126E700D2FAF2 /* ViewController.swift in Sources */,
				6133954E25712E6700D2FAF2 /* ApiResponse.swift in Sources */,
				61FEBCE925836E860086C0E0 /* CardViewController.swift in Sources */,
				6133955325712EE000D2FAF2 /* Card.swift in Sources */,
				61339533257126E700D2FAF2 /* AppDelegate.swift in Sources */,
				61339535257126E700D2FAF2 /* SceneDelegate.swift in Sources */,
			);
			runOnlyForDeploymentPostprocessing = 0;
		};
/* End PBXSourcesBuildPhase section */

/* Begin PBXVariantGroup section */
		61339538257126E700D2FAF2 /* Main.storyboard */ = {
			isa = PBXVariantGroup;
			children = (
				61339539257126E700D2FAF2 /* Base */,
			);
			name = Main.storyboard;
			sourceTree = "<group>";
		};
		6133953D257126E800D2FAF2 /* LaunchScreen.storyboard */ = {
			isa = PBXVariantGroup;
			children = (
				6133953E257126E800D2FAF2 /* Base */,
			);
			name = LaunchScreen.storyboard;
			sourceTree = "<group>";
		};
/* End PBXVariantGroup section */

/* Begin XCBuildConfiguration section */
		61339541257126E800D2FAF2 /* Debug */ = {
			isa = XCBuildConfiguration;
			buildSettings = {
				ALWAYS_SEARCH_USER_PATHS = NO;
				CLANG_ANALYZER_NONNULL = YES;
				CLANG_ANALYZER_NUMBER_OBJECT_CONVERSION = YES_AGGRESSIVE;
				CLANG_CXX_LANGUAGE_STANDARD = "gnu++14";
				CLANG_CXX_LIBRARY = "libc++";
				CLANG_ENABLE_MODULES = YES;
				CLANG_ENABLE_OBJC_ARC = YES;
				CLANG_ENABLE_OBJC_WEAK = YES;
				CLANG_WARN_BLOCK_CAPTURE_AUTORELEASING = YES;
				CLANG_WARN_BOOL_CONVERSION = YES;
				CLANG_WARN_COMMA = YES;
				CLANG_WARN_CONSTANT_CONVERSION = YES;
				CLANG_WARN_DEPRECATED_OBJC_IMPLEMENTATIONS = YES;
				CLANG_WARN_DIRECT_OBJC_ISA_USAGE = YES_ERROR;
				CLANG_WARN_DOCUMENTATION_COMMENTS = YES;
				CLANG_WARN_EMPTY_BODY = YES;
				CLANG_WARN_ENUM_CONVERSION = YES;
				CLANG_WARN_INFINITE_RECURSION = YES;
				CLANG_WARN_INT_CONVERSION = YES;
				CLANG_WARN_NON_LITERAL_NULL_CONVERSION = YES;
				CLANG_WARN_OBJC_IMPLICIT_RETAIN_SELF = YES;
				CLANG_WARN_OBJC_LITERAL_CONVERSION = YES;
				CLANG_WARN_OBJC_ROOT_CLASS = YES_ERROR;
				CLANG_WARN_QUOTED_INCLUDE_IN_FRAMEWORK_HEADER = YES;
				CLANG_WARN_RANGE_LOOP_ANALYSIS = YES;
				CLANG_WARN_STRICT_PROTOTYPES = YES;
				CLANG_WARN_SUSPICIOUS_MOVE = YES;
				CLANG_WARN_UNGUARDED_AVAILABILITY = YES_AGGRESSIVE;
				CLANG_WARN_UNREACHABLE_CODE = YES;
				CLANG_WARN__DUPLICATE_METHOD_MATCH = YES;
				COPY_PHASE_STRIP = NO;
				DEBUG_INFORMATION_FORMAT = dwarf;
				ENABLE_STRICT_OBJC_MSGSEND = YES;
				ENABLE_TESTABILITY = YES;
				GCC_C_LANGUAGE_STANDARD = gnu11;
				GCC_DYNAMIC_NO_PIC = NO;
				GCC_NO_COMMON_BLOCKS = YES;
				GCC_OPTIMIZATION_LEVEL = 0;
				GCC_PREPROCESSOR_DEFINITIONS = (
					"DEBUG=1",
					"$(inherited)",
				);
				GCC_WARN_64_TO_32_BIT_CONVERSION = YES;
				GCC_WARN_ABOUT_RETURN_TYPE = YES_ERROR;
				GCC_WARN_UNDECLARED_SELECTOR = YES;
				GCC_WARN_UNINITIALIZED_AUTOS = YES_AGGRESSIVE;
				GCC_WARN_UNUSED_FUNCTION = YES;
				GCC_WARN_UNUSED_VARIABLE = YES;
				IPHONEOS_DEPLOYMENT_TARGET = 14.2;
				MTL_ENABLE_DEBUG_INFO = INCLUDE_SOURCE;
				MTL_FAST_MATH = YES;
				ONLY_ACTIVE_ARCH = YES;
				SDKROOT = iphoneos;
				SWIFT_ACTIVE_COMPILATION_CONDITIONS = DEBUG;
				SWIFT_OPTIMIZATION_LEVEL = "-Onone";
			};
			name = Debug;
		};
		61339542257126E800D2FAF2 /* Release */ = {
			isa = XCBuildConfiguration;
			buildSettings = {
				ALWAYS_SEARCH_USER_PATHS = NO;
				CLANG_ANALYZER_NONNULL = YES;
				CLANG_ANALYZER_NUMBER_OBJECT_CONVERSION = YES_AGGRESSIVE;
				CLANG_CXX_LANGUAGE_STANDARD = "gnu++14";
				CLANG_CXX_LIBRARY = "libc++";
				CLANG_ENABLE_MODULES = YES;
				CLANG_ENABLE_OBJC_ARC = YES;
				CLANG_ENABLE_OBJC_WEAK = YES;
				CLANG_WARN_BLOCK_CAPTURE_AUTORELEASING = YES;
				CLANG_WARN_BOOL_CONVERSION = YES;
				CLANG_WARN_COMMA = YES;
				CLANG_WARN_CONSTANT_CONVERSION = YES;
				CLANG_WARN_DEPRECATED_OBJC_IMPLEMENTATIONS = YES;
				CLANG_WARN_DIRECT_OBJC_ISA_USAGE = YES_ERROR;
				CLANG_WARN_DOCUMENTATION_COMMENTS = YES;
				CLANG_WARN_EMPTY_BODY = YES;
				CLANG_WARN_ENUM_CONVERSION = YES;
				CLANG_WARN_INFINITE_RECURSION = YES;
				CLANG_WARN_INT_CONVERSION = YES;
				CLANG_WARN_NON_LITERAL_NULL_CONVERSION = YES;
				CLANG_WARN_OBJC_IMPLICIT_RETAIN_SELF = YES;
				CLANG_WARN_OBJC_LITERAL_CONVERSION = YES;
				CLANG_WARN_OBJC_ROOT_CLASS = YES_ERROR;
				CLANG_WARN_QUOTED_INCLUDE_IN_FRAMEWORK_HEADER = YES;
				CLANG_WARN_RANGE_LOOP_ANALYSIS = YES;
				CLANG_WARN_STRICT_PROTOTYPES = YES;
				CLANG_WARN_SUSPICIOUS_MOVE = YES;
				CLANG_WARN_UNGUARDED_AVAILABILITY = YES_AGGRESSIVE;
				CLANG_WARN_UNREACHABLE_CODE = YES;
				CLANG_WARN__DUPLICATE_METHOD_MATCH = YES;
				COPY_PHASE_STRIP = NO;
				DEBUG_INFORMATION_FORMAT = "dwarf-with-dsym";
				ENABLE_NS_ASSERTIONS = NO;
				ENABLE_STRICT_OBJC_MSGSEND = YES;
				GCC_C_LANGUAGE_STANDARD = gnu11;
				GCC_NO_COMMON_BLOCKS = YES;
				GCC_WARN_64_TO_32_BIT_CONVERSION = YES;
				GCC_WARN_ABOUT_RETURN_TYPE = YES_ERROR;
				GCC_WARN_UNDECLARED_SELECTOR = YES;
				GCC_WARN_UNINITIALIZED_AUTOS = YES_AGGRESSIVE;
				GCC_WARN_UNUSED_FUNCTION = YES;
				GCC_WARN_UNUSED_VARIABLE = YES;
				IPHONEOS_DEPLOYMENT_TARGET = 14.2;
				MTL_ENABLE_DEBUG_INFO = NO;
				MTL_FAST_MATH = YES;
				SDKROOT = iphoneos;
				SWIFT_COMPILATION_MODE = wholemodule;
				SWIFT_OPTIMIZATION_LEVEL = "-O";
				VALIDATE_PRODUCT = YES;
			};
			name = Release;
		};
		61339544257126E800D2FAF2 /* Debug */ = {
			isa = XCBuildConfiguration;
			baseConfigurationReference = EF3B2478098C82F8EB996B15 /* Pods-HelloWorld.debug.xcconfig */;
			buildSettings = {
				ASSETCATALOG_COMPILER_APPICON_NAME = AppIcon;
				ASSETCATALOG_COMPILER_GLOBAL_ACCENT_COLOR_NAME = AccentColor;
				CODE_SIGN_STYLE = Automatic;
				INFOPLIST_FILE = HelloWorld/Info.plist;
				LD_RUNPATH_SEARCH_PATHS = (
					"$(inherited)",
					"@executable_path/Frameworks",
				);
				PRODUCT_BUNDLE_IDENTIFIER = com.magiczne.HelloWorld;
				PRODUCT_NAME = "$(TARGET_NAME)";
				SWIFT_VERSION = 5.0;
				TARGETED_DEVICE_FAMILY = "1,2";
			};
			name = Debug;
		};
		61339545257126E800D2FAF2 /* Release */ = {
			isa = XCBuildConfiguration;
			baseConfigurationReference = E9F286321B2CAE82D22083D9 /* Pods-HelloWorld.release.xcconfig */;
			buildSettings = {
				ASSETCATALOG_COMPILER_APPICON_NAME = AppIcon;
				ASSETCATALOG_COMPILER_GLOBAL_ACCENT_COLOR_NAME = AccentColor;
				CODE_SIGN_STYLE = Automatic;
				INFOPLIST_FILE = HelloWorld/Info.plist;
				LD_RUNPATH_SEARCH_PATHS = (
					"$(inherited)",
					"@executable_path/Frameworks",
				);
				PRODUCT_BUNDLE_IDENTIFIER = com.magiczne.HelloWorld;
				PRODUCT_NAME = "$(TARGET_NAME)";
				SWIFT_VERSION = 5.0;
				TARGETED_DEVICE_FAMILY = "1,2";
			};
			name = Release;
		};
/* End XCBuildConfiguration section */

/* Begin XCConfigurationList section */
		6133952A257126E700D2FAF2 /* Build configuration list for PBXProject "HelloWorld" */ = {
			isa = XCConfigurationList;
			buildConfigurations = (
				61339541257126E800D2FAF2 /* Debug */,
				61339542257126E800D2FAF2 /* Release */,
			);
			defaultConfigurationIsVisible = 0;
			defaultConfigurationName = Release;
		};
		61339543257126E800D2FAF2 /* Build configuration list for PBXNativeTarget "HelloWorld" */ = {
			isa = XCConfigurationList;
			buildConfigurations = (
				61339544257126E800D2FAF2 /* Debug */,
				61339545257126E800D2FAF2 /* Release */,
			);
			defaultConfigurationIsVisible = 0;
			defaultConfigurationName = Release;
		};
/* End XCConfigurationList section */
	};
	rootObject = 61339527257126E700D2FAF2 /* Project object */;
}
